
Microsoft Visual Studio Solution File, Format Version 12.00
# Visual Studio Version 17
VisualStudioVersion = 17.11.35327.3
MinimumVisualStudioVersion = 10.0.40219.1
Project("{FAE04EC0-301F-11D3-BF4B-00C04F79EFBC}") = "cpt2", "cpt2\cpt2.csproj", "{46E3D829-19C4-4A13-839C-7407D9B1E1FB}"
EndProject
Global
	GlobalSection(SolutionConfigurationPlatforms) = preSolution
		Debug|Any CPU = Debug|Any CPU
		Release|Any CPU = Release|Any CPU
	EndGlobalSection
	GlobalSection(ProjectConfigurationPlatforms) = postSolution
		{46E3D829-19C4-4A13-839C-7407D9B1E1FB}.Debug|Any CPU.ActiveCfg = Debug|Any CPU
		{46E3D829-19C4-4A13-839C-7407D9B1E1FB}.Debug|Any CPU.Build.0 = Debug|Any CPU
		{46E3D829-19C4-4A13-839C-7407D9B1E1FB}.Release|Any CPU.ActiveCfg = Release|Any CPU
		{46E3D829-19C4-4A13-839C-7407D9B1E1FB}.Release|Any CPU.Build.0 = Release|Any CPU
	EndGlobalSection
	GlobalSection(SolutionProperties) = preSolution
		HideSolutionNode = FALSE
	EndGlobalSection
	GlobalSection(ExtensibilityGlobals) = postSolution
		SolutionGuid = {88E04E76-2CD9-41AC-A62C-92A768BB6CC2}
	EndGlobalSection
EndGlobal
