
Microsoft Visual Studio Solution File, Format Version 12.00
# Visual Studio Version 17
VisualStudioVersion = 17.11.35327.3
MinimumVisualStudioVersion = 10.0.40219.1
Project("{FAE04EC0-301F-11D3-BF4B-00C04F79EFBC}") = "Storage", "Storage\Storage.csproj", "{88840514-A231-41CC-8598-7500DE6B33C5}"
EndProject
Global
	GlobalSection(SolutionConfigurationPlatforms) = preSolution
		Debug|Any CPU = Debug|Any CPU
		Release|Any CPU = Release|Any CPU
	EndGlobalSection
	GlobalSection(ProjectConfigurationPlatforms) = postSolution
		{88840514-A231-41CC-8598-7500DE6B33C5}.Debug|Any CPU.ActiveCfg = Debug|Any CPU
		{88840514-A231-41CC-8598-7500DE6B33C5}.Debug|Any CPU.Build.0 = Debug|Any CPU
		{88840514-A231-41CC-8598-7500DE6B33C5}.Release|Any CPU.ActiveCfg = Release|Any CPU
		{88840514-A231-41CC-8598-7500DE6B33C5}.Release|Any CPU.Build.0 = Release|Any CPU
	EndGlobalSection
	GlobalSection(SolutionProperties) = preSolution
		HideSolutionNode = FALSE
	EndGlobalSection
	GlobalSection(ExtensibilityGlobals) = postSolution
		SolutionGuid = {E57197C3-0827-47F1-A6DD-F7D3E94E4357}
	EndGlobalSection
EndGlobal
