
Microsoft Visual Studio Solution File, Format Version 12.00
# Visual Studio Version 17
VisualStudioVersion = 17.11.35327.3
MinimumVisualStudioVersion = 10.0.40219.1
Project("{FAE04EC0-301F-11D3-BF4B-00C04F79EFBC}") = "cpt3", "cpt3\cpt3.csproj", "{AF078BE7-AD16-4FC4-BB60-E90628859271}"
EndProject
Global
	GlobalSection(SolutionConfigurationPlatforms) = preSolution
		Debug|Any CPU = Debug|Any CPU
		Release|Any CPU = Release|Any CPU
	EndGlobalSection
	GlobalSection(ProjectConfigurationPlatforms) = postSolution
		{AF078BE7-AD16-4FC4-BB60-E90628859271}.Debug|Any CPU.ActiveCfg = Debug|Any CPU
		{AF078BE7-AD16-4FC4-BB60-E90628859271}.Debug|Any CPU.Build.0 = Debug|Any CPU
		{AF078BE7-AD16-4FC4-BB60-E90628859271}.Release|Any CPU.ActiveCfg = Release|Any CPU
		{AF078BE7-AD16-4FC4-BB60-E90628859271}.Release|Any CPU.Build.0 = Release|Any CPU
	EndGlobalSection
	GlobalSection(SolutionProperties) = preSolution
		HideSolutionNode = FALSE
	EndGlobalSection
	GlobalSection(ExtensibilityGlobals) = postSolution
		SolutionGuid = {B6E1B118-727F-4B62-BBF1-FE6911B1AF42}
	EndGlobalSection
EndGlobal
